{
  "name": "frontier-lab",
  "version": "0.1.0",
  "lockfileVersion": 3,
  "requires": true,
  "packages": {
    "": {
      "name": "frontier-lab",
      "version": "0.1.0",
      "workspaces": [
        "packages/*"
      ],
      "devDependencies": {
        "playwright": "^1.55.0",
        "prettier": "^3.9.9"
      },
      "engines": {
        "node": ">=22"
      }
    },
    "node_modules/@gbesse/age-proof-lab": {
      "resolved": "packages/age-proof-lab",
      "link": true
    },
    "node_modules/@gbesse/agent-checkout-lab": {
      "resolved": "packages/checkout",
      "link": true
    },
    "node_modules/@gbesse/bill-replay": {
      "resolved": "packages/bill-replay",
      "link": true
    },
    "node_modules/@gbesse/branch-lab": {
      "resolved": "packages/branch",
      "link": true
    },
    "node_modules/@gbesse/cee-proof-graph": {
      "resolved": "packages/cee-proof-graph",
      "link": true
    },
    "node_modules/@gbesse/dsn-replay": {
      "resolved": "packages/dsn-replay",
      "link": true
    },
    "node_modules/@gbesse/exit-workflow": {
      "resolved": "packages/exit",
      "link": true
    },
    "node_modules/@gbesse/garan-witness": {
      "resolved": "packages/garan-witness",
      "link": true
    },
    "node_modules/@gbesse/handover-drill": {
      "resolved": "packages/handover-drill",
      "link": true
    },
    "node_modules/@gbesse/invoice-path": {
      "resolved": "packages/invoice-path",
      "link": true
    },
    "node_modules/@gbesse/last-signal": {
      "resolved": "packages/last-signal",
      "link": true
    },
    "node_modules/@gbesse/machine-data-lab": {
      "resolved": "packages/machine-data",
      "link": true
    },
    "node_modules/@gbesse/payee-exceptions": {
      "resolved": "packages/payee-exceptions",
      "link": true
    },
    "node_modules/@gbesse/pqc-cutover": {
      "resolved": "packages/pqc-cutover",
      "link": true
    },
    "node_modules/@gbesse/provenance-last-mile": {
      "resolved": "packages/provenance-last-mile",
      "link": true
    },
    "node_modules/@gbesse/recall-to-receipt": {
      "resolved": "packages/recall-to-receipt",
      "link": true
    },
    "node_modules/@gbesse/supplier-evidence": {
      "resolved": "packages/supplier-evidence",
      "link": true
    },
    "node_modules/@gbesse/teachpack": {
      "resolved": "packages/teachpack",
      "link": true
    },
    "node_modules/@gbesse/water-witness": {
      "resolved": "packages/water-witness",
      "link": true
    },
    "node_modules/playwright": {
      "version": "1.63.0",
      "resolved": "https://registry.npmjs.org/playwright/-/playwright-1.63.0.tgz",
      "integrity": "sha512-+7ziBLidS4NaNCdt57SUDT+wYmmd5fmiQejUic/kb+YsYSCPyOOE9sebzMjNmQrsnNpDJqd4WHvV/8lfKfUDUg==",
      "license": "Apache-2.0",
      "dependencies": {
        "playwright-core": "1.63.0"
      },
      "bin": {
        "playwright": "cli.js"
      },
      "engines": {
        "node": ">=20"
      }
    },
    "node_modules/playwright-core": {
      "version": "1.63.0",
      "resolved": "https://registry.npmjs.org/playwright-core/-/playwright-core-1.63.0.tgz",
      "integrity": "sha512-rYCsBF/M5HjUch52bbtVONEFjv6Xu8sm8h72dNlR5bzIE1fvC/bxgspzkjSfU+MweEMmPM8KJebG6nnyxo5mCg==",
      "license": "Apache-2.0",
      "bin": {
        "playwright-core": "cli.js"
      },
      "engines": {
        "node": ">=20"
      }
    },
    "node_modules/prettier": {
      "version": "3.9.9",
      "resolved": "https://registry.npmjs.org/prettier/-/prettier-3.9.9.tgz",
      "integrity": "sha512-Z/CJHIkdujO/OtN7nXUii0Rf3VT5SRuhjBA82Xvu2XhBUgX3nhP67T0LHceBdQLex7OOFGTox+Q5Yg8Jk2Qivg==",
      "dev": true,
      "license": "MIT",
      "bin": {
        "prettier": "bin/prettier.cjs"
      },
      "engines": {
        "node": ">=14"
      },
      "funding": {
        "url": "https://github.com/prettier/prettier?sponsor=1"
      }
    },
    "packages/age-proof-lab": {
      "name": "@gbesse/age-proof-lab",
      "version": "0.1.0",
      "license": "MIT",
      "dependencies": {
        "playwright": "^1.55.0"
      },
      "bin": {
        "age-proof-lab": "bin/cli.js"
      },
      "engines": {
        "node": ">=22"
      }
    },
    "packages/bill-replay": {
      "name": "@gbesse/bill-replay",
      "version": "0.1.0",
      "license": "MIT",
      "bin": {
        "bill-replay": "bin/cli.js"
      },
      "engines": {
        "node": ">=22"
      }
    },
    "packages/branch": {
      "name": "@gbesse/branch-lab",
      "version": "0.1.0",
      "license": "MIT",
      "bin": {
        "branch-lab": "bin/cli.js"
      },
      "engines": {
        "node": ">=22"
      }
    },
    "packages/cee-proof-graph": {
      "name": "@gbesse/cee-proof-graph",
      "version": "0.1.0",
      "license": "MIT",
      "bin": {
        "cee-proof-graph": "bin/cli.js"
      },
      "engines": {
        "node": ">=22"
      }
    },
    "packages/checkout": {
      "name": "@gbesse/agent-checkout-lab",
      "version": "0.1.0",
      "license": "MIT",
      "dependencies": {
        "playwright": "^1.55.0"
      },
      "bin": {
        "agent-checkout-lab": "bin/cli.js"
      },
      "engines": {
        "node": ">=22"
      }
    },
    "packages/dsn-replay": {
      "name": "@gbesse/dsn-replay",
      "version": "0.1.0",
      "license": "MIT",
      "bin": {
        "dsn-replay": "bin/cli.js"
      },
      "engines": {
        "node": ">=22"
      }
    },
    "packages/exit": {
      "name": "@gbesse/exit-workflow",
      "version": "0.1.0",
      "license": "MIT",
      "bin": {
        "exit-workflow": "bin/cli.js"
      },
      "engines": {
        "node": ">=22"
      }
    },
    "packages/garan-witness": {
      "name": "@gbesse/garan-witness",
      "version": "0.1.0",
      "license": "MIT",
      "dependencies": {
        "playwright": "^1.55.0"
      },
      "bin": {
        "garan-witness": "bin/cli.js"
      },
      "engines": {
        "node": ">=22"
      }
    },
    "packages/handover-drill": {
      "name": "@gbesse/handover-drill",
      "version": "0.1.0",
      "license": "MIT",
      "bin": {
        "handover-drill": "bin/cli.js"
      },
      "engines": {
        "node": ">=22"
      }
    },
    "packages/invoice-path": {
      "name": "@gbesse/invoice-path",
      "version": "0.1.0",
      "license": "MIT",
      "bin": {
        "invoice-path": "bin/cli.js"
      },
      "engines": {
        "node": ">=22"
      }
    },
    "packages/last-signal": {
      "name": "@gbesse/last-signal",
      "version": "0.1.0",
      "license": "MIT",
      "bin": {
        "last-signal": "bin/cli.js"
      },
      "engines": {
        "node": ">=22"
      }
    },
    "packages/machine-data": {
      "name": "@gbesse/machine-data-lab",
      "version": "0.1.0",
      "license": "MIT",
      "bin": {
        "machine-data-lab": "bin/cli.js"
      },
      "engines": {
        "node": ">=22"
      }
    },
    "packages/payee-exceptions": {
      "name": "@gbesse/payee-exceptions",
      "version": "0.1.0",
      "license": "MIT",
      "bin": {
        "payee-exceptions": "bin/cli.js"
      },
      "engines": {
        "node": ">=22"
      }
    },
    "packages/pqc-cutover": {
      "name": "@gbesse/pqc-cutover",
      "version": "0.1.0",
      "license": "MIT",
      "bin": {
        "pqc-cutover": "bin/cli.js"
      },
      "engines": {
        "node": ">=22"
      }
    },
    "packages/provenance-last-mile": {
      "name": "@gbesse/provenance-last-mile",
      "version": "0.1.0",
      "license": "MIT",
      "bin": {
        "provenance-last-mile": "bin/cli.js"
      },
      "engines": {
        "node": ">=22"
      }
    },
    "packages/recall-to-receipt": {
      "name": "@gbesse/recall-to-receipt",
      "version": "0.1.0",
      "license": "MIT",
      "bin": {
        "recall-to-receipt": "bin/cli.js"
      },
      "engines": {
        "node": ">=22"
      }
    },
    "packages/supplier-evidence": {
      "name": "@gbesse/supplier-evidence",
      "version": "0.1.0",
      "license": "MIT",
      "bin": {
        "supplier-evidence": "bin/cli.js"
      },
      "engines": {
        "node": ">=22"
      }
    },
    "packages/teachpack": {
      "name": "@gbesse/teachpack",
      "version": "0.1.0",
      "license": "MIT",
      "dependencies": {
        "@gbesse/branch-lab": "0.1.0"
      },
      "bin": {
        "teachpack": "bin/cli.js"
      },
      "engines": {
        "node": ">=22"
      }
    },
    "packages/water-witness": {
      "name": "@gbesse/water-witness",
      "version": "0.1.0",
      "license": "MIT",
      "bin": {
        "water-witness": "bin/cli.js"
      },
      "engines": {
        "node": ">=22"
      }
    }
  }
}
